{
  "name": "astro-interpreter",
  "version": "1.0.0",
  "lockfileVersion": 2,
  "requires": true,
  "packages": {
    "": {
      "name": "astro-interpreter",
      "version": "1.0.0",
      "license": "ISC",
      "dependencies": {
        "ohm-js": "^17.0.4"
      }
    },
    "node_modules/ohm-js": {
      "version": "17.0.4",
      "resolved": "https://registry.npmjs.org/ohm-js/-/ohm-js-17.0.4.tgz",
      "integrity": "sha512-32VmXQxDHPLT0agDp8mZpv/eVS5DmpGjfDr5adg/1MeePQUBbeifaPW5wuzz3pUz8keSVqLPMlxJh9LnmAObkQ==",
      "engines": {
        "node": ">=0.12.1"
      }
    }
  },
  "dependencies": {
    "ohm-js": {
      "version": "17.0.4",
      "resolved": "https://registry.npmjs.org/ohm-js/-/ohm-js-17.0.4.tgz",
      "integrity": "sha512-32VmXQxDHPLT0agDp8mZpv/eVS5DmpGjfDr5adg/1MeePQUBbeifaPW5wuzz3pUz8keSVqLPMlxJh9LnmAObkQ=="
    }
  }
}
